
Microsoft Visual Studio Solution File, Format Version 12.00
# Visual Studio Version 17
VisualStudioVersion = 17.12.35506.116
MinimumVisualStudioVersion = 10.0.40219.1
Project("{FAE04EC0-301F-11D3-BF4B-00C04F79EFBC}") = "WindowsFormsApp1", "WindowsFormsApp1.csproj", "{2B41FD0B-94EB-4C30-A456-3D7B2D8D0BB4}"
EndProject
Project("{FAE04EC0-301F-11D3-BF4B-00C04F79EFBC}") = "Tests", "..\Tests\Tests.csproj", "{AF1A2CAE-D9DF-4C56-9E58-A533E9DB8FDC}"
EndProject
Global
	GlobalSection(SolutionConfigurationPlatforms) = preSolution
		Debug|Any CPU = Debug|Any CPU
		Release|Any CPU = Release|Any CPU
	EndGlobalSection
	GlobalSection(ProjectConfigurationPlatforms) = postSolution
		{2B41FD0B-94EB-4C30-A456-3D7B2D8D0BB4}.Debug|Any CPU.ActiveCfg = Debug|Any CPU
		{2B41FD0B-94EB-4C30-A456-3D7B2D8D0BB4}.Debug|Any CPU.Build.0 = Debug|Any CPU
		{2B41FD0B-94EB-4C30-A456-3D7B2D8D0BB4}.Release|Any CPU.ActiveCfg = Release|Any CPU
		{2B41FD0B-94EB-4C30-A456-3D7B2D8D0BB4}.Release|Any CPU.Build.0 = Release|Any CPU
		{AF1A2CAE-D9DF-4C56-9E58-A533E9DB8FDC}.Debug|Any CPU.ActiveCfg = Debug|Any CPU
		{AF1A2CAE-D9DF-4C56-9E58-A533E9DB8FDC}.Debug|Any CPU.Build.0 = Debug|Any CPU
		{AF1A2CAE-D9DF-4C56-9E58-A533E9DB8FDC}.Release|Any CPU.ActiveCfg = Release|Any CPU
		{AF1A2CAE-D9DF-4C56-9E58-A533E9DB8FDC}.Release|Any CPU.Build.0 = Release|Any CPU
	EndGlobalSection
	GlobalSection(SolutionProperties) = preSolution
		HideSolutionNode = FALSE
	EndGlobalSection
	GlobalSection(ExtensibilityGlobals) = postSolution
		SolutionGuid = {B9A89303-B1D5-44C1-8396-D50A943B59D0}
	EndGlobalSection
EndGlobal
